
Microsoft Visual Studio Solution File, Format Version 12.00
# Visual Studio Version 16
VisualStudioVersion = 16.0.30011.22
MinimumVisualStudioVersion = 10.0.40219.1
Project("{FAE04EC0-301F-11D3-BF4B-00C04F79EFBC}") = "SWAPI", "SWAPI\SWAPI.csproj", "{461C8AAC-67EE-48A4-A7F8-0D9F7C607712}"
EndProject
Global
	GlobalSection(SolutionConfigurationPlatforms) = preSolution
		Debug|Any CPU = Debug|Any CPU
		Release|Any CPU = Release|Any CPU
	EndGlobalSection
	GlobalSection(ProjectConfigurationPlatforms) = postSolution
		{461C8AAC-67EE-48A4-A7F8-0D9F7C607712}.Debug|Any CPU.ActiveCfg = Debug|Any CPU
		{461C8AAC-67EE-48A4-A7F8-0D9F7C607712}.Debug|Any CPU.Build.0 = Debug|Any CPU
		{461C8AAC-67EE-48A4-A7F8-0D9F7C607712}.Release|Any CPU.ActiveCfg = Release|Any CPU
		{461C8AAC-67EE-48A4-A7F8-0D9F7C607712}.Release|Any CPU.Build.0 = Release|Any CPU
	EndGlobalSection
	GlobalSection(SolutionProperties) = preSolution
		HideSolutionNode = FALSE
	EndGlobalSection
	GlobalSection(ExtensibilityGlobals) = postSolution
		SolutionGuid = {F018693C-A9CD-40B4-9E25-D9640150AB11}
	EndGlobalSection
EndGlobal
